
Microsoft Visual Studio Solution File, Format Version 12.00
# Visual Studio Version 17
VisualStudioVersion = 17.8.34525.116
MinimumVisualStudioVersion = 10.0.40219.1
Project("{9A19103F-16F7-4668-BE54-9A1E7A4F7556}") = "bookstoreapi", "bookstoreapi\bookstoreapi.csproj", "{F9881575-3D13-4A77-876A-519BCA82228A}"
EndProject
Project("{9A19103F-16F7-4668-BE54-9A1E7A4F7556}") = "BookStoreApp.Blazor.Server.UI", "BookStoreApp.Blazor.Server.UI\BookStoreApp.Blazor.Server.UI.csproj", "{F682FA55-F5EC-421A-BC16-293CE775B135}"
EndProject
Global
	GlobalSection(SolutionConfigurationPlatforms) = preSolution
		Debug|Any CPU = Debug|Any CPU
		Release|Any CPU = Release|Any CPU
	EndGlobalSection
	GlobalSection(ProjectConfigurationPlatforms) = postSolution
		{F9881575-3D13-4A77-876A-519BCA82228A}.Debug|Any CPU.ActiveCfg = Debug|Any CPU
		{F9881575-3D13-4A77-876A-519BCA82228A}.Debug|Any CPU.Build.0 = Debug|Any CPU
		{F9881575-3D13-4A77-876A-519BCA82228A}.Release|Any CPU.ActiveCfg = Release|Any CPU
		{F9881575-3D13-4A77-876A-519BCA82228A}.Release|Any CPU.Build.0 = Release|Any CPU
		{F682FA55-F5EC-421A-BC16-293CE775B135}.Debug|Any CPU.ActiveCfg = Debug|Any CPU
		{F682FA55-F5EC-421A-BC16-293CE775B135}.Debug|Any CPU.Build.0 = Debug|Any CPU
		{F682FA55-F5EC-421A-BC16-293CE775B135}.Release|Any CPU.ActiveCfg = Release|Any CPU
		{F682FA55-F5EC-421A-BC16-293CE775B135}.Release|Any CPU.Build.0 = Release|Any CPU
	EndGlobalSection
	GlobalSection(SolutionProperties) = preSolution
		HideSolutionNode = FALSE
	EndGlobalSection
	GlobalSection(ExtensibilityGlobals) = postSolution
		SolutionGuid = {E2A23AC7-99C2-4999-BE82-32D36F8E7892}
	EndGlobalSection
EndGlobal
